// !$*UTF8*$!
{
	archiveVersion = 1;
	classes = {
	};
	objectVersion = 56;
	objects = {

/* Begin PBXBuildFile section */
		FAB9E4962A7392F1009B3154 /* SVMApp.swift in Sources */ = {isa = PBXBuildFile; fileRef = FAB9E4952A7392F1009B3154 /* SVMApp.swift */; };
		FAB9E4982A7392F1009B3154 /* ContentView.swift in Sources */ = {isa = PBXBuildFile; fileRef = FAB9E4972A7392F1009B3154 /* ContentView.swift */; };
		FAB9E49A2A7392F2009B3154 /* Assets.xcassets in Resources */ = {isa = PBXBuildFile; fileRef = FAB9E4992A7392F2009B3154 /* Assets.xcassets */; };
		FAB9E49D2A7392F2009B3154 /* Preview Assets.xcassets in Resources */ = {isa = PBXBuildFile; fileRef = FAB9E49C2A7392F2009B3154 /* Preview Assets.xcassets */; };
		FAB9E4A82A7392F2009B3154 /* SVMTests.swift in Sources */ = {isa = PBXBuildFile; fileRef = FAB9E4A72A7392F2009B3154 /* SVMTests.swift */; };
		FAB9E4B22A7392F2009B3154 /* SVMUITests.swift in Sources */ = {isa = PBXBuildFile; fileRef = FAB9E4B12A7392F2009B3154 /* SVMUITests.swift */; };
		FAB9E4B42A7392F2009B3154 /* SVMUITestsLaunchTests.swift in Sources */ = {isa = PBXBuildFile; fileRef = FAB9E4B32A7392F2009B3154 /* SVMUITestsLaunchTests.swift */; };
/* End PBXBuildFile section */

/* Begin PBXContainerItemProxy section */
		FAB9E4A42A7392F2009B3154 /* PBXContainerItemProxy */ = {
			isa = PBXContainerItemProxy;
			containerPortal = FAB9E48A2A7392F1009B3154 /* Project object */;
			proxyType = 1;
			remoteGlobalIDString = FAB9E4912A7392F1009B3154;
			remoteInfo = SVM;
		};
		FAB9E4AE2A7392F2009B3154 /* PBXContainerItemProxy */ = {
			isa = PBXContainerItemProxy;
			containerPortal = FAB9E48A2A7392F1009B3154 /* Project object */;
			proxyType = 1;
			remoteGlobalIDString = FAB9E4912A7392F1009B3154;
			remoteInfo = SVM;
		};
/* End PBXContainerItemProxy section */

/* Begin PBXFileReference section */
		FAB9E4922A7392F1009B3154 /* SVM.app */ = {isa = PBXFileReference; explicitFileType = wrapper.application; includeInIndex = 0; path = SVM.app; sourceTree = BUILT_PRODUCTS_DIR; };
		FAB9E4952A7392F1009B3154 /* SVMApp.swift */ = {isa = PBXFileReference; lastKnownFileType = sourcecode.swift; path = SVMApp.swift; sourceTree = "<group>"; };
		FAB9E4972A7392F1009B3154 /* ContentView.swift */ = {isa = PBXFileReference; lastKnownFileType = sourcecode.swift; path = ContentView.swift; sourceTree = "<group>"; };
		FAB9E4992A7392F2009B3154 /* Assets.xcassets */ = {isa = PBXFileReference; lastKnownFileType = folder.assetcatalog; path = Assets.xcassets; sourceTree = "<group>"; };
		FAB9E49C2A7392F2009B3154 /* Preview Assets.xcassets */ = {isa = PBXFileReference; lastKnownFileType = folder.assetcatalog; path = "Preview Assets.xcassets"; sourceTree = "<group>"; };
		FAB9E49E2A7392F2009B3154 /* SVM.entitlements */ = {isa = PBXFileReference; lastKnownFileType = text.plist.entitlements; path = SVM.entitlements; sourceTree = "<group>"; };
		FAB9E4A32A7392F2009B3154 /* SVMTests.xctest */ = {isa = PBXFileReference; explicitFileType = wrapper.cfbundle; includeInIndex = 0; path = SVMTests.xctest; sourceTree = BUILT_PRODUCTS_DIR; };
		FAB9E4A72A7392F2009B3154 /* SVMTests.swift */ = {isa = PBXFileReference; lastKnownFileType = sourcecode.swift; path = SVMTests.swift; sourceTree = "<group>"; };
		FAB9E4AD2A7392F2009B3154 /* SVMUITests.xctest */ = {isa = PBXFileReference; explicitFileType = wrapper.cfbundle; includeInIndex = 0; path = SVMUITests.xctest; sourceTree = BUILT_PRODUCTS_DIR; };
		FAB9E4B12A7392F2009B3154 /* SVMUITests.swift */ = {isa = PBXFileReference; lastKnownFileType = sourcecode.swift; path = SVMUITests.swift; sourceTree = "<group>"; };
		FAB9E4B32A7392F2009B3154 /* SVMUITestsLaunchTests.swift */ = {isa = PBXFileReference; lastKnownFileType = sourcecode.swift; path = SVMUITestsLaunchTests.swift; sourceTree = "<group>"; };
/* End PBXFileReference section */

/* Begin PBXFrameworksBuildPhase section */
		FAB9E48F2A7392F1009B3154 /* Frameworks */ = {
			isa = PBXFrameworksBuildPhase;
			buildActionMask = 2147483647;
			files = (
			);
			runOnlyForDeploymentPostprocessing = 0;
		};
		FAB9E4A02A7392F2009B3154 /* Frameworks */ = {
			isa = PBXFrameworksBuildPhase;
			buildActionMask = 2147483647;
			files = (
			);
			runOnlyForDeploymentPostprocessing = 0;
		};
		FAB9E4AA2A7392F2009B3154 /* Frameworks */ = {
			isa = PBXFrameworksBuildPhase;
			buildActionMask = 2147483647;
			files = (
			);
			runOnlyForDeploymentPostprocessing = 0;
		};
/* End PBXFrameworksBuildPhase section */

/* Begin PBXGroup section */
		FAB9E4892A7392F1009B3154 = {
			isa = PBXGroup;
			children = (
				FAB9E4942A7392F1009B3154 /* SVM */,
				FAB9E4A62A7392F2009B3154 /* SVMTests */,
				FAB9E4B02A7392F2009B3154 /* SVMUITests */,
				FAB9E4932A7392F1009B3154 /* Products */,
			);
			sourceTree = "<group>";
		};
		FAB9E4932A7392F1009B3154 /* Products */ = {
			isa = PBXGroup;
			children = (
				FAB9E4922A7392F1009B3154 /* SVM.app */,
				FAB9E4A32A7392F2009B3154 /* SVMTests.xctest */,
				FAB9E4AD2A7392F2009B3154 /* SVMUITests.xctest */,
			);
			name = Products;
			sourceTree = "<group>";
		};
		FAB9E4942A7392F1009B3154 /* SVM */ = {
			isa = PBXGroup;
			children = (
				FAB9E4952A7392F1009B3154 /* SVMApp.swift */,
				FAB9E4972A7392F1009B3154 /* ContentView.swift */,
				FAB9E4992A7392F2009B3154 /* Assets.xcassets */,
				FAB9E49E2A7392F2009B3154 /* SVM.entitlements */,
				FAB9E49B2A7392F2009B3154 /* Preview Content */,
			);
			path = SVM;
			sourceTree = "<group>";
		};
		FAB9E49B2A7392F2009B3154 /* Preview Content */ = {
			isa = PBXGroup;
			children = (
				FAB9E49C2A7392F2009B3154 /* Preview Assets.xcassets */,
			);
			path = "Preview Content";
			sourceTree = "<group>";
		};
		FAB9E4A62A7392F2009B3154 /* SVMTests */ = {
			isa = PBXGroup;
			children = (
				FAB9E4A72A7392F2009B3154 /* SVMTests.swift */,
			);
			path = SVMTests;
			sourceTree = "<group>";
		};
		FAB9E4B02A7392F2009B3154 /* SVMUITests */ = {
			isa = PBXGroup;
			children = (
				FAB9E4B12A7392F2009B3154 /* SVMUITests.swift */,
				FAB9E4B32A7392F2009B3154 /* SVMUITestsLaunchTests.swift */,
			);
			path = SVMUITests;
			sourceTree = "<group>";
		};
/* End PBXGroup section */

/* Begin PBXNativeTarget section */
		FAB9E4912A7392F1009B3154 /* SVM */ = {
			isa = PBXNativeTarget;
			buildConfigurationList = FAB9E4B72A7392F2009B3154 /* Build configuration list for PBXNativeTarget "SVM" */;
			buildPhases = (
				FAB9E48E2A7392F1009B3154 /* Sources */,
				FAB9E48F2A7392F1009B3154 /* Frameworks */,
				FAB9E4902A7392F1009B3154 /* Resources */,
			);
			buildRules = (
			);
			dependencies = (
			);
			name = SVM;
			productName = SVM;
			productReference = FAB9E4922A7392F1009B3154 /* SVM.app */;
			productType = "com.apple.product-type.application";
		};
		FAB9E4A22A7392F2009B3154 /* SVMTests */ = {
			isa = PBXNativeTarget;
			buildConfigurationList = FAB9E4BA2A7392F2009B3154 /* Build configuration list for PBXNativeTarget "SVMTests" */;
			buildPhases = (
				FAB9E49F2A7392F2009B3154 /* Sources */,
				FAB9E4A02A7392F2009B3154 /* Frameworks */,
				FAB9E4A12A7392F2009B3154 /* Resources */,
			);
			buildRules = (
			);
			dependencies = (
				FAB9E4A52A7392F2009B3154 /* PBXTargetDependency */,
			);
			name = SVMTests;
			productName = SVMTests;
			productReference = FAB9E4A32A7392F2009B3154 /* SVMTests.xctest */;
			productType = "com.apple.product-type.bundle.unit-test";
		};
		FAB9E4AC2A7392F2009B3154 /* SVMUITests */ = {
			isa = PBXNativeTarget;
			buildConfigurationList = FAB9E4BD2A7392F2009B3154 /* Build configuration list for PBXNativeTarget "SVMUITests" */;
			buildPhases = (
				FAB9E4A92A7392F2009B3154 /* Sources */,
				FAB9E4AA2A7392F2009B3154 /* Frameworks */,
				FAB9E4AB2A7392F2009B3154 /* Resources */,
			);
			buildRules = (
			);
			dependencies = (
				FAB9E4AF2A7392F2009B3154 /* PBXTargetDependency */,
			);
			name = SVMUITests;
			productName = SVMUITests;
			productReference = FAB9E4AD2A7392F2009B3154 /* SVMUITests.xctest */;
			productType = "com.apple.product-type.bundle.ui-testing";
		};
/* End PBXNativeTarget section */

/* Begin PBXProject section */
		FAB9E48A2A7392F1009B3154 /* Project object */ = {
			isa = PBXProject;
			attributes = {
				BuildIndependentTargetsInParallel = 1;
				LastSwiftUpdateCheck = 1430;
				LastUpgradeCheck = 1430;
				TargetAttributes = {
					FAB9E4912A7392F1009B3154 = {
						CreatedOnToolsVersion = 14.3.1;
					};
					FAB9E4A22A7392F2009B3154 = {
						CreatedOnToolsVersion = 14.3.1;
						TestTargetID = FAB9E4912A7392F1009B3154;
					};
					FAB9E4AC2A7392F2009B3154 = {
						CreatedOnToolsVersion = 14.3.1;
						TestTargetID = FAB9E4912A7392F1009B3154;
					};
				};
			};
			buildConfigurationList = FAB9E48D2A7392F1009B3154 /* Build configuration list for PBXProject "SVM" */;
			compatibilityVersion = "Xcode 14.0";
			developmentRegion = en;
			hasScannedForEncodings = 0;
			knownRegions = (
				en,
				Base,
			);
			mainGroup = FAB9E4892A7392F1009B3154;
			productRefGroup = FAB9E4932A7392F1009B3154 /* Products */;
			projectDirPath = "";
			projectRoot = "";
			targets = (
				FAB9E4912A7392F1009B3154 /* SVM */,
				FAB9E4A22A7392F2009B3154 /* SVMTests */,
				FAB9E4AC2A7392F2009B3154 /* SVMUITests */,
			);
		};
/* End PBXProject section */

/* Begin PBXResourcesBuildPhase section */
		FAB9E4902A7392F1009B3154 /* Resources */ = {
			isa = PBXResourcesBuildPhase;
			buildActionMask = 2147483647;
			files = (
				FAB9E49D2A7392F2009B3154 /* Preview Assets.xcassets in Resources */,
				FAB9E49A2A7392F2009B3154 /* Assets.xcassets in Resources */,
			);
			runOnlyForDeploymentPostprocessing = 0;
		};
		FAB9E4A12A7392F2009B3154 /* Resources */ = {
			isa = PBXResourcesBuildPhase;
			buildActionMask = 2147483647;
			files = (
			);
			runOnlyForDeploymentPostprocessing = 0;
		};
		FAB9E4AB2A7392F2009B3154 /* Resources */ = {
			isa = PBXResourcesBuildPhase;
			buildActionMask = 2147483647;
			files = (
			);
			runOnlyForDeploymentPostprocessing = 0;
		};
/* End PBXResourcesBuildPhase section */

/* Begin PBXSourcesBuildPhase section */
		FAB9E48E2A7392F1009B3154 /* Sources */ = {
			isa = PBXSourcesBuildPhase;
			buildActionMask = 2147483647;
			files = (
				FAB9E4982A7392F1009B3154 /* ContentView.swift in Sources */,
				FAB9E4962A7392F1009B3154 /* SVMApp.swift in Sources */,
			);
			runOnlyForDeploymentPostprocessing = 0;
		};
		FAB9E49F2A7392F2009B3154 /* Sources */ = {
			isa = PBXSourcesBuildPhase;
			buildActionMask = 2147483647;
			files = (
				FAB9E4A82A7392F2009B3154 /* SVMTests.swift in Sources */,
			);
			runOnlyForDeploymentPostprocessing = 0;
		};
		FAB9E4A92A7392F2009B3154 /* Sources */ = {
			isa = PBXSourcesBuildPhase;
			buildActionMask = 2147483647;
			files = (
				FAB9E4B22A7392F2009B3154 /* SVMUITests.swift in Sources */,
				FAB9E4B42A7392F2009B3154 /* SVMUITestsLaunchTests.swift in Sources */,
			);
			runOnlyForDeploymentPostprocessing = 0;
		};
/* End PBXSourcesBuildPhase section */

/* Begin PBXTargetDependency section */
		FAB9E4A52A7392F2009B3154 /* PBXTargetDependency */ = {
			isa = PBXTargetDependency;
			target = FAB9E4912A7392F1009B3154 /* SVM */;
			targetProxy = FAB9E4A42A7392F2009B3154 /* PBXContainerItemProxy */;
		};
		FAB9E4AF2A7392F2009B3154 /* PBXTargetDependency */ = {
			isa = PBXTargetDependency;
			target = FAB9E4912A7392F1009B3154 /* SVM */;
			targetProxy = FAB9E4AE2A7392F2009B3154 /* PBXContainerItemProxy */;
		};
/* End PBXTargetDependency section */

/* Begin XCBuildConfiguration section */
		FAB9E4B52A7392F2009B3154 /* Debug */ = {
			isa = XCBuildConfiguration;
			buildSettings = {
				ALWAYS_SEARCH_USER_PATHS = NO;
				CLANG_ANALYZER_NONNULL = YES;
				CLANG_ANALYZER_NUMBER_OBJECT_CONVERSION = YES_AGGRESSIVE;
				CLANG_CXX_LANGUAGE_STANDARD = "gnu++20";
				CLANG_ENABLE_MODULES = YES;
				CLANG_ENABLE_OBJC_ARC = YES;
				CLANG_ENABLE_OBJC_WEAK = YES;
				CLANG_WARN_BLOCK_CAPTURE_AUTORELEASING = YES;
				CLANG_WARN_BOOL_CONVERSION = YES;
				CLANG_WARN_COMMA = YES;
				CLANG_WARN_CONSTANT_CONVERSION = YES;
				CLANG_WARN_DEPRECATED_OBJC_IMPLEMENTATIONS = YES;
				CLANG_WARN_DIRECT_OBJC_ISA_USAGE = YES_ERROR;
				CLANG_WARN_DOCUMENTATION_COMMENTS = YES;
				CLANG_WARN_EMPTY_BODY = YES;
				CLANG_WARN_ENUM_CONVERSION = YES;
				CLANG_WARN_INFINITE_RECURSION = YES;
				CLANG_WARN_INT_CONVERSION = YES;
				CLANG_WARN_NON_LITERAL_NULL_CONVERSION = YES;
				CLANG_WARN_OBJC_IMPLICIT_RETAIN_SELF = YES;
				CLANG_WARN_OBJC_LITERAL_CONVERSION = YES;
				CLANG_WARN_OBJC_ROOT_CLASS = YES_ERROR;
				CLANG_WARN_QUOTED_INCLUDE_IN_FRAMEWORK_HEADER = YES;
				CLANG_WARN_RANGE_LOOP_ANALYSIS = YES;
				CLANG_WARN_STRICT_PROTOTYPES = YES;
				CLANG_WARN_SUSPICIOUS_MOVE = YES;
				CLANG_WARN_UNGUARDED_AVAILABILITY = YES_AGGRESSIVE;
				CLANG_WARN_UNREACHABLE_CODE = YES;
				CLANG_WARN__DUPLICATE_METHOD_MATCH = YES;
				COPY_PHASE_STRIP = NO;
				DEBUG_INFORMATION_FORMAT = dwarf;
				ENABLE_STRICT_OBJC_MSGSEND = YES;
				ENABLE_TESTABILITY = YES;
				GCC_C_LANGUAGE_STANDARD = gnu11;
				GCC_DYNAMIC_NO_PIC = NO;
				GCC_NO_COMMON_BLOCKS = YES;
				GCC_OPTIMIZATION_LEVEL = 0;
				GCC_PREPROCESSOR_DEFINITIONS = (
					"DEBUG=1",
					"$(inherited)",
				);
				GCC_WARN_64_TO_32_BIT_CONVERSION = YES;
				GCC_WARN_ABOUT_RETURN_TYPE = YES_ERROR;
				GCC_WARN_UNDECLARED_SELECTOR = YES;
				GCC_WARN_UNINITIALIZED_AUTOS = YES_AGGRESSIVE;
				GCC_WARN_UNUSED_FUNCTION = YES;
				GCC_WARN_UNUSED_VARIABLE = YES;
				MACOSX_DEPLOYMENT_TARGET = 13.3;
				MTL_ENABLE_DEBUG_INFO = INCLUDE_SOURCE;
				MTL_FAST_MATH = YES;
				ONLY_ACTIVE_ARCH = YES;
				SDKROOT = macosx;
				SWIFT_ACTIVE_COMPILATION_CONDITIONS = DEBUG;
				SWIFT_OPTIMIZATION_LEVEL = "-Onone";
			};
			name = Debug;
		};
		FAB9E4B62A7392F2009B3154 /* Release */ = {
			isa = XCBuildConfiguration;
			buildSettings = {
				ALWAYS_SEARCH_USER_PATHS = NO;
				CLANG_ANALYZER_NONNULL = YES;
				CLANG_ANALYZER_NUMBER_OBJECT_CONVERSION = YES_AGGRESSIVE;
				CLANG_CXX_LANGUAGE_STANDARD = "gnu++20";
				CLANG_ENABLE_MODULES = YES;
				CLANG_ENABLE_OBJC_ARC = YES;
				CLANG_ENABLE_OBJC_WEAK = YES;
				CLANG_WARN_BLOCK_CAPTURE_AUTORELEASING = YES;
				CLANG_WARN_BOOL_CONVERSION = YES;
				CLANG_WARN_COMMA = YES;
				CLANG_WARN_CONSTANT_CONVERSION = YES;
				CLANG_WARN_DEPRECATED_OBJC_IMPLEMENTATIONS = YES;
				CLANG_WARN_DIRECT_OBJC_ISA_USAGE = YES_ERROR;
				CLANG_WARN_DOCUMENTATION_COMMENTS = YES;
				CLANG_WARN_EMPTY_BODY = YES;
				CLANG_WARN_ENUM_CONVERSION = YES;
				CLANG_WARN_INFINITE_RECURSION = YES;
				CLANG_WARN_INT_CONVERSION = YES;
				CLANG_WARN_NON_LITERAL_NULL_CONVERSION = YES;
				CLANG_WARN_OBJC_IMPLICIT_RETAIN_SELF = YES;
				CLANG_WARN_OBJC_LITERAL_CONVERSION = YES;
				CLANG_WARN_OBJC_ROOT_CLASS = YES_ERROR;
				CLANG_WARN_QUOTED_INCLUDE_IN_FRAMEWORK_HEADER = YES;
				CLANG_WARN_RANGE_LOOP_ANALYSIS = YES;
				CLANG_WARN_STRICT_PROTOTYPES = YES;
				CLANG_WARN_SUSPICIOUS_MOVE = YES;
				CLANG_WARN_UNGUARDED_AVAILABILITY = YES_AGGRESSIVE;
				CLANG_WARN_UNREACHABLE_CODE = YES;
				CLANG_WARN__DUPLICATE_METHOD_MATCH = YES;
				COPY_PHASE_STRIP = NO;
				DEBUG_INFORMATION_FORMAT = "dwarf-with-dsym";
				ENABLE_NS_ASSERTIONS = NO;
				ENABLE_STRICT_OBJC_MSGSEND = YES;
				GCC_C_LANGUAGE_STANDARD = gnu11;
				GCC_NO_COMMON_BLOCKS = YES;
				GCC_WARN_64_TO_32_BIT_CONVERSION = YES;
				GCC_WARN_ABOUT_RETURN_TYPE = YES_ERROR;
				GCC_WARN_UNDECLARED_SELECTOR = YES;
				GCC_WARN_UNINITIALIZED_AUTOS = YES_AGGRESSIVE;
				GCC_WARN_UNUSED_FUNCTION = YES;
				GCC_WARN_UNUSED_VARIABLE = YES;
				MACOSX_DEPLOYMENT_TARGET = 13.3;
				MTL_ENABLE_DEBUG_INFO = NO;
				MTL_FAST_MATH = YES;
				SDKROOT = macosx;
				SWIFT_COMPILATION_MODE = wholemodule;
				SWIFT_OPTIMIZATION_LEVEL = "-O";
			};
			name = Release;
		};
		FAB9E4B82A7392F2009B3154 /* Debug */ = {
			isa = XCBuildConfiguration;
			buildSettings = {
				ASSETCATALOG_COMPILER_APPICON_NAME = AppIcon;
				ASSETCATALOG_COMPILER_GLOBAL_ACCENT_COLOR_NAME = AccentColor;
				CODE_SIGN_ENTITLEMENTS = SVM/SVM.entitlements;
				CODE_SIGN_STYLE = Automatic;
				COMBINE_HIDPI_IMAGES = YES;
				CURRENT_PROJECT_VERSION = 1;
				DEVELOPMENT_ASSET_PATHS = "\"SVM/Preview Content\"";
				DEVELOPMENT_TEAM = 3X4AKCRX5F;
				ENABLE_HARDENED_RUNTIME = YES;
				ENABLE_PREVIEWS = YES;
				GENERATE_INFOPLIST_FILE = YES;
				INFOPLIST_KEY_NSHumanReadableCopyright = "";
				LD_RUNPATH_SEARCH_PATHS = (
					"$(inherited)",
					"@executable_path/../Frameworks",
				);
				MARKETING_VERSION = 1.0;
				PRODUCT_BUNDLE_IDENTIFIER = "com.alex-cova.SVM";
				PRODUCT_NAME = "$(TARGET_NAME)";
				SWIFT_EMIT_LOC_STRINGS = YES;
				SWIFT_VERSION = 5.0;
			};
			name = Debug;
		};
		FAB9E4B92A7392F2009B3154 /* Release */ = {
			isa = XCBuildConfiguration;
			buildSettings = {
				ASSETCATALOG_COMPILER_APPICON_NAME = AppIcon;
				ASSETCATALOG_COMPILER_GLOBAL_ACCENT_COLOR_NAME = AccentColor;
				CODE_SIGN_ENTITLEMENTS = SVM/SVM.entitlements;
				CODE_SIGN_STYLE = Automatic;
				COMBINE_HIDPI_IMAGES = YES;
				CURRENT_PROJECT_VERSION = 1;
				DEVELOPMENT_ASSET_PATHS = "\"SVM/Preview Content\"";
				DEVELOPMENT_TEAM = 3X4AKCRX5F;
				ENABLE_HARDENED_RUNTIME = YES;
				ENABLE_PREVIEWS = YES;
				GENERATE_INFOPLIST_FILE = YES;
				INFOPLIST_KEY_NSHumanReadableCopyright = "";
				LD_RUNPATH_SEARCH_PATHS = (
					"$(inherited)",
					"@executable_path/../Frameworks",
				);
				MARKETING_VERSION = 1.0;
				PRODUCT_BUNDLE_IDENTIFIER = "com.alex-cova.SVM";
				PRODUCT_NAME = "$(TARGET_NAME)";
				SWIFT_EMIT_LOC_STRINGS = YES;
				SWIFT_VERSION = 5.0;
			};
			name = Release;
		};
		FAB9E4BB2A7392F2009B3154 /* Debug */ = {
			isa = XCBuildConfiguration;
			buildSettings = {
				ALWAYS_EMBED_SWIFT_STANDARD_LIBRARIES = YES;
				BUNDLE_LOADER = "$(TEST_HOST)";
				CODE_SIGN_STYLE = Automatic;
				CURRENT_PROJECT_VERSION = 1;
				DEVELOPMENT_TEAM = 3X4AKCRX5F;
				GENERATE_INFOPLIST_FILE = YES;
				MACOSX_DEPLOYMENT_TARGET = 13.3;
				MARKETING_VERSION = 1.0;
				PRODUCT_BUNDLE_IDENTIFIER = "com.alex-cova.SVMTests";
				PRODUCT_NAME = "$(TARGET_NAME)";
				SWIFT_EMIT_LOC_STRINGS = NO;
				SWIFT_VERSION = 5.0;
				TEST_HOST = "$(BUILT_PRODUCTS_DIR)/SVM.app/$(BUNDLE_EXECUTABLE_FOLDER_PATH)/SVM";
			};
			name = Debug;
		};
		FAB9E4BC2A7392F2009B3154 /* Release */ = {
			isa = XCBuildConfiguration;
			buildSettings = {
				ALWAYS_EMBED_SWIFT_STANDARD_LIBRARIES = YES;
				BUNDLE_LOADER = "$(TEST_HOST)";
				CODE_SIGN_STYLE = Automatic;
				CURRENT_PROJECT_VERSION = 1;
				DEVELOPMENT_TEAM = 3X4AKCRX5F;
				GENERATE_INFOPLIST_FILE = YES;
				MACOSX_DEPLOYMENT_TARGET = 13.3;
				MARKETING_VERSION = 1.0;
				PRODUCT_BUNDLE_IDENTIFIER = "com.alex-cova.SVMTests";
				PRODUCT_NAME = "$(TARGET_NAME)";
				SWIFT_EMIT_LOC_STRINGS = NO;
				SWIFT_VERSION = 5.0;
				TEST_HOST = "$(BUILT_PRODUCTS_DIR)/SVM.app/$(BUNDLE_EXECUTABLE_FOLDER_PATH)/SVM";
			};
			name = Release;
		};
		FAB9E4BE2A7392F2009B3154 /* Debug */ = {
			isa = XCBuildConfiguration;
			buildSettings = {
				ALWAYS_EMBED_SWIFT_STANDARD_LIBRARIES = YES;
				CODE_SIGN_STYLE = Automatic;
				CURRENT_PROJECT_VERSION = 1;
				DEVELOPMENT_TEAM = 3X4AKCRX5F;
				GENERATE_INFOPLIST_FILE = YES;
				MARKETING_VERSION = 1.0;
				PRODUCT_BUNDLE_IDENTIFIER = "com.alex-cova.SVMUITests";
				PRODUCT_NAME = "$(TARGET_NAME)";
				SWIFT_EMIT_LOC_STRINGS = NO;
				SWIFT_VERSION = 5.0;
				TEST_TARGET_NAME = SVM;
			};
			name = Debug;
		};
		FAB9E4BF2A7392F2009B3154 /* Release */ = {
			isa = XCBuildConfiguration;
			buildSettings = {
				ALWAYS_EMBED_SWIFT_STANDARD_LIBRARIES = YES;
				CODE_SIGN_STYLE = Automatic;
				CURRENT_PROJECT_VERSION = 1;
				DEVELOPMENT_TEAM = 3X4AKCRX5F;
				GENERATE_INFOPLIST_FILE = YES;
				MARKETING_VERSION = 1.0;
				PRODUCT_BUNDLE_IDENTIFIER = "com.alex-cova.SVMUITests";
				PRODUCT_NAME = "$(TARGET_NAME)";
				SWIFT_EMIT_LOC_STRINGS = NO;
				SWIFT_VERSION = 5.0;
				TEST_TARGET_NAME = SVM;
			};
			name = Release;
		};
/* End XCBuildConfiguration section */

/* Begin XCConfigurationList section */
		FAB9E48D2A7392F1009B3154 /* Build configuration list for PBXProject "SVM" */ = {
			isa = XCConfigurationList;
			buildConfigurations = (
				FAB9E4B52A7392F2009B3154 /* Debug */,
				FAB9E4B62A7392F2009B3154 /* Release */,
			);
			defaultConfigurationIsVisible = 0;
			defaultConfigurationName = Release;
		};
		FAB9E4B72A7392F2009B3154 /* Build configuration list for PBXNativeTarget "SVM" */ = {
			isa = XCConfigurationList;
			buildConfigurations = (
				FAB9E4B82A7392F2009B3154 /* Debug */,
				FAB9E4B92A7392F2009B3154 /* Release */,
			);
			defaultConfigurationIsVisible = 0;
			defaultConfigurationName = Release;
		};
		FAB9E4BA2A7392F2009B3154 /* Build configuration list for PBXNativeTarget "SVMTests" */ = {
			isa = XCConfigurationList;
			buildConfigurations = (
				FAB9E4BB2A7392F2009B3154 /* Debug */,
				FAB9E4BC2A7392F2009B3154 /* Release */,
			);
			defaultConfigurationIsVisible = 0;
			defaultConfigurationName = Release;
		};
		FAB9E4BD2A7392F2009B3154 /* Build configuration list for PBXNativeTarget "SVMUITests" */ = {
			isa = XCConfigurationList;
			buildConfigurations = (
				FAB9E4BE2A7392F2009B3154 /* Debug */,
				FAB9E4BF2A7392F2009B3154 /* Release */,
			);
			defaultConfigurationIsVisible = 0;
			defaultConfigurationName = Release;
		};
/* End XCConfigurationList section */
	};
	rootObject = FAB9E48A2A7392F1009B3154 /* Project object */;
}
